
Microsoft Visual Studio Solution File, Format Version 12.00
# Visual Studio Version 16
VisualStudioVersion = 16.0.30104.148
MinimumVisualStudioVersion = 10.0.40219.1
Project("{FAE04EC0-301F-11D3-BF4B-00C04F79EFBC}") = "SemenovGame", "SemenovGame\SemenovGame.csproj", "{70A9E732-43EA-4810-B27E-7BAA14D2B9F7}"
EndProject
Project("{FAE04EC0-301F-11D3-BF4B-00C04F79EFBC}") = "SemenovWorkers", "SemenovWorkers\SemenovWorkers.csproj", "{E2BD0D9D-01DB-4BB1-B15B-634AA2B3EE8F}"
EndProject
Project("{FAE04EC0-301F-11D3-BF4B-00C04F79EFBC}") = "SemenovLn4T2", "SemenovLn4T2\SemenovLn4T2.csproj", "{01E248A0-9860-4A80-982C-8AF789B36393}"
EndProject
Project("{FAE04EC0-301F-11D3-BF4B-00C04F79EFBC}") = "SemenovWPF", "SemenovWPF\SemenovWPF.csproj", "{637C168F-C27D-413B-B7AD-478879A4E38D}"
EndProject
Global
	GlobalSection(SolutionConfigurationPlatforms) = preSolution
		Debug|Any CPU = Debug|Any CPU
		Release|Any CPU = Release|Any CPU
	EndGlobalSection
	GlobalSection(ProjectConfigurationPlatforms) = postSolution
		{70A9E732-43EA-4810-B27E-7BAA14D2B9F7}.Debug|Any CPU.ActiveCfg = Debug|Any CPU
		{70A9E732-43EA-4810-B27E-7BAA14D2B9F7}.Debug|Any CPU.Build.0 = Debug|Any CPU
		{70A9E732-43EA-4810-B27E-7BAA14D2B9F7}.Release|Any CPU.ActiveCfg = Release|Any CPU
		{70A9E732-43EA-4810-B27E-7BAA14D2B9F7}.Release|Any CPU.Build.0 = Release|Any CPU
		{E2BD0D9D-01DB-4BB1-B15B-634AA2B3EE8F}.Debug|Any CPU.ActiveCfg = Debug|Any CPU
		{E2BD0D9D-01DB-4BB1-B15B-634AA2B3EE8F}.Debug|Any CPU.Build.0 = Debug|Any CPU
		{E2BD0D9D-01DB-4BB1-B15B-634AA2B3EE8F}.Release|Any CPU.ActiveCfg = Release|Any CPU
		{E2BD0D9D-01DB-4BB1-B15B-634AA2B3EE8F}.Release|Any CPU.Build.0 = Release|Any CPU
		{01E248A0-9860-4A80-982C-8AF789B36393}.Debug|Any CPU.ActiveCfg = Debug|Any CPU
		{01E248A0-9860-4A80-982C-8AF789B36393}.Debug|Any CPU.Build.0 = Debug|Any CPU
		{01E248A0-9860-4A80-982C-8AF789B36393}.Release|Any CPU.ActiveCfg = Release|Any CPU
		{01E248A0-9860-4A80-982C-8AF789B36393}.Release|Any CPU.Build.0 = Release|Any CPU
		{637C168F-C27D-413B-B7AD-478879A4E38D}.Debug|Any CPU.ActiveCfg = Debug|Any CPU
		{637C168F-C27D-413B-B7AD-478879A4E38D}.Debug|Any CPU.Build.0 = Debug|Any CPU
		{637C168F-C27D-413B-B7AD-478879A4E38D}.Release|Any CPU.ActiveCfg = Release|Any CPU
		{637C168F-C27D-413B-B7AD-478879A4E38D}.Release|Any CPU.Build.0 = Release|Any CPU
	EndGlobalSection
	GlobalSection(SolutionProperties) = preSolution
		HideSolutionNode = FALSE
	EndGlobalSection
	GlobalSection(ExtensibilityGlobals) = postSolution
		SolutionGuid = {DDD5F5D3-712C-4E8B-A814-376808675D18}
	EndGlobalSection
EndGlobal
